
Microsoft Visual Studio Solution File, Format Version 12.00
# Visual Studio Version 17
VisualStudioVersion = 17.7.34202.233
MinimumVisualStudioVersion = 10.0.40219.1
Project("{FAE04EC0-301F-11D3-BF4B-00C04F79EFBC}") = "Execute_storedProcedure_DotnetCore", "Execute_storedProcedure_DotnetCore\Execute_storedProcedure_DotnetCore.csproj", "{DBF6920D-0055-4039-BC93-BC777CFEB004}"
EndProject
Global
	GlobalSection(SolutionConfigurationPlatforms) = preSolution
		Debug|Any CPU = Debug|Any CPU
		Release|Any CPU = Release|Any CPU
	EndGlobalSection
	GlobalSection(ProjectConfigurationPlatforms) = postSolution
		{DBF6920D-0055-4039-BC93-BC777CFEB004}.Debug|Any CPU.ActiveCfg = Debug|Any CPU
		{DBF6920D-0055-4039-BC93-BC777CFEB004}.Debug|Any CPU.Build.0 = Debug|Any CPU
		{DBF6920D-0055-4039-BC93-BC777CFEB004}.Release|Any CPU.ActiveCfg = Release|Any CPU
		{DBF6920D-0055-4039-BC93-BC777CFEB004}.Release|Any CPU.Build.0 = Release|Any CPU
	EndGlobalSection
	GlobalSection(SolutionProperties) = preSolution
		HideSolutionNode = FALSE
	EndGlobalSection
	GlobalSection(ExtensibilityGlobals) = postSolution
		SolutionGuid = {1209F347-340F-4C33-8411-AACAC743F401}
	EndGlobalSection
EndGlobal
